Microsoft Visual Studio Solution File, Format Version 12.00
# Visual Studio Version 17
VisualStudioVersion = 17.5.2.0
MinimumVisualStudioVersion = 10.0.40219.1
Project("{FAE04EC0-301F-11D3-BF4B-00C04F79EFBC}") = "Abstract", "Abstract\Abstract.csproj", "{F074C872-0B0E-F6EE-F832-52AB81AAC509}"
EndProject
Project("{FAE04EC0-301F-11D3-BF4B-00C04F79EFBC}") = "Async", "Async\Async.csproj", "{D596A324-3E10-A972-97A1-41F4B143AC51}"
EndProject
Project("{FAE04EC0-301F-11D3-BF4B-00C04F79EFBC}") = "Attributes", "Attributes\Attributes.csproj", "{02D4DA59-47FE-0CA4-E43C-A49F39B18457}"
EndProject
Project("{FAE04EC0-301F-11D3-BF4B-00C04F79EFBC}") = "cdacproject", "CdacProject\cdacproject.csproj", "{78E5715E-F63E-9A92-A0E1-3D451E97C8F8}"
EndProject
Project("{FAE04EC0-301F-11D3-BF4B-00C04F79EFBC}") = "FunctionPointer", "FunctionPointer\FunctionPointer.csproj", "{EDFB0154-30BF-6AE9-2653-22EFD1932E93}"
EndProject
Project("{FAE04EC0-301F-11D3-BF4B-00C04F79EFBC}") = "Generics", "Generics\Generics.csproj", "{C16099E9-FDEE-9687-6953-03259CE8B899}"
EndProject
Project("{FAE04EC0-301F-11D3-BF4B-00C04F79EFBC}") = "Interface", "Interface\Interface.csproj", "{E57B9F94-30A5-2A7B-6B0A-9B595FD6094F}"
EndProject
Project("{FAE04EC0-301F-11D3-BF4B-00C04F79EFBC}") = "LinqLambda", "LinqLambda\LinqLambda.csproj", "{E864BCB7-6BFE-D7E7-4BDE-01CFDAC3229C}"
EndProject
Project("{FAE04EC0-301F-11D3-BF4B-00C04F79EFBC}") = "MyFirstCSharp", "MyFirstCSharp\MyFirstCSharp.csproj", "{66AFFCEC-D47F-0453-E06A-6B11969B1D77}"
EndProject
Project("{FAE04EC0-301F-11D3-BF4B-00C04F79EFBC}") = "namespaces", "Namespaces\namespaces.csproj", "{71D592E2-AE4A-A465-8AE6-96F8040C14AD}"
EndProject
Global
	GlobalSection(SolutionConfigurationPlatforms) = preSolution
		Debug|Any CPU = Debug|Any CPU
		Release|Any CPU = Release|Any CPU
	EndGlobalSection
	GlobalSection(ProjectConfigurationPlatforms) = postSolution
		{F074C872-0B0E-F6EE-F832-52AB81AAC509}.Debug|Any CPU.ActiveCfg = Debug|Any CPU
		{F074C872-0B0E-F6EE-F832-52AB81AAC509}.Debug|Any CPU.Build.0 = Debug|Any CPU
		{F074C872-0B0E-F6EE-F832-52AB81AAC509}.Release|Any CPU.ActiveCfg = Release|Any CPU
		{F074C872-0B0E-F6EE-F832-52AB81AAC509}.Release|Any CPU.Build.0 = Release|Any CPU
		{D596A324-3E10-A972-97A1-41F4B143AC51}.Debug|Any CPU.ActiveCfg = Debug|Any CPU
		{D596A324-3E10-A972-97A1-41F4B143AC51}.Debug|Any CPU.Build.0 = Debug|Any CPU
		{D596A324-3E10-A972-97A1-41F4B143AC51}.Release|Any CPU.ActiveCfg = Release|Any CPU
		{D596A324-3E10-A972-97A1-41F4B143AC51}.Release|Any CPU.Build.0 = Release|Any CPU
		{02D4DA59-47FE-0CA4-E43C-A49F39B18457}.Debug|Any CPU.ActiveCfg = Debug|Any CPU
		{02D4DA59-47FE-0CA4-E43C-A49F39B18457}.Debug|Any CPU.Build.0 = Debug|Any CPU
		{02D4DA59-47FE-0CA4-E43C-A49F39B18457}.Release|Any CPU.ActiveCfg = Release|Any CPU
		{02D4DA59-47FE-0CA4-E43C-A49F39B18457}.Release|Any CPU.Build.0 = Release|Any CPU
		{78E5715E-F63E-9A92-A0E1-3D451E97C8F8}.Debug|Any CPU.ActiveCfg = Debug|Any CPU
		{78E5715E-F63E-9A92-A0E1-3D451E97C8F8}.Debug|Any CPU.Build.0 = Debug|Any CPU
		{78E5715E-F63E-9A92-A0E1-3D451E97C8F8}.Release|Any CPU.ActiveCfg = Release|Any CPU
		{78E5715E-F63E-9A92-A0E1-3D451E97C8F8}.Release|Any CPU.Build.0 = Release|Any CPU
		{EDFB0154-30BF-6AE9-2653-22EFD1932E93}.Debug|Any CPU.ActiveCfg = Debug|Any CPU
		{EDFB0154-30BF-6AE9-2653-22EFD1932E93}.Debug|Any CPU.Build.0 = Debug|Any CPU
		{EDFB0154-30BF-6AE9-2653-22EFD1932E93}.Release|Any CPU.ActiveCfg = Release|Any CPU
		{EDFB0154-30BF-6AE9-2653-22EFD1932E93}.Release|Any CPU.Build.0 = Release|Any CPU
		{C16099E9-FDEE-9687-6953-03259CE8B899}.Debug|Any CPU.ActiveCfg = Debug|Any CPU
		{C16099E9-FDEE-9687-6953-03259CE8B899}.Debug|Any CPU.Build.0 = Debug|Any CPU
		{C16099E9-FDEE-9687-6953-03259CE8B899}.Release|Any CPU.ActiveCfg = Release|Any CPU
		{C16099E9-FDEE-9687-6953-03259CE8B899}.Release|Any CPU.Build.0 = Release|Any CPU
		{E57B9F94-30A5-2A7B-6B0A-9B595FD6094F}.Debug|Any CPU.ActiveCfg = Debug|Any CPU
		{E57B9F94-30A5-2A7B-6B0A-9B595FD6094F}.Debug|Any CPU.Build.0 = Debug|Any CPU
		{E57B9F94-30A5-2A7B-6B0A-9B595FD6094F}.Release|Any CPU.ActiveCfg = Release|Any CPU
		{E57B9F94-30A5-2A7B-6B0A-9B595FD6094F}.Release|Any CPU.Build.0 = Release|Any CPU
		{E864BCB7-6BFE-D7E7-4BDE-01CFDAC3229C}.Debug|Any CPU.ActiveCfg = Debug|Any CPU
		{E864BCB7-6BFE-D7E7-4BDE-01CFDAC3229C}.Debug|Any CPU.Build.0 = Debug|Any CPU
		{E864BCB7-6BFE-D7E7-4BDE-01CFDAC3229C}.Release|Any CPU.ActiveCfg = Release|Any CPU
		{E864BCB7-6BFE-D7E7-4BDE-01CFDAC3229C}.Release|Any CPU.Build.0 = Release|Any CPU
		{66AFFCEC-D47F-0453-E06A-6B11969B1D77}.Debug|Any CPU.ActiveCfg = Debug|Any CPU
		{66AFFCEC-D47F-0453-E06A-6B11969B1D77}.Debug|Any CPU.Build.0 = Debug|Any CPU
		{66AFFCEC-D47F-0453-E06A-6B11969B1D77}.Release|Any CPU.ActiveCfg = Release|Any CPU
		{66AFFCEC-D47F-0453-E06A-6B11969B1D77}.Release|Any CPU.Build.0 = Release|Any CPU
		{71D592E2-AE4A-A465-8AE6-96F8040C14AD}.Debug|Any CPU.ActiveCfg = Debug|Any CPU
		{71D592E2-AE4A-A465-8AE6-96F8040C14AD}.Debug|Any CPU.Build.0 = Debug|Any CPU
		{71D592E2-AE4A-A465-8AE6-96F8040C14AD}.Release|Any CPU.ActiveCfg = Release|Any CPU
		{71D592E2-AE4A-A465-8AE6-96F8040C14AD}.Release|Any CPU.Build.0 = Release|Any CPU
	EndGlobalSection
	GlobalSection(SolutionProperties) = preSolution
		HideSolutionNode = FALSE
	EndGlobalSection
	GlobalSection(ExtensibilityGlobals) = postSolution
		SolutionGuid = {6FF09F1A-7373-4289-BC89-9A96E12827BD}
	EndGlobalSection
EndGlobal
